
Microsoft Visual Studio Solution File, Format Version 12.00
# Visual Studio Version 16
VisualStudioVersion = 16.0.28803.452
MinimumVisualStudioVersion = 10.0.40219.1
Project("{8BC9CEB8-8B4A-11D0-8D11-00A0C91BC942}") = "MyDebuger", "MyDebuger\MyDebuger.vcxproj", "{16AC1A54-C22F-4A71-8B41-3BC365765883}"
EndProject
Project("{8BC9CEB8-8B4A-11D0-8D11-00A0C91BC942}") = "test", "test\test.vcxproj", "{D0F354E3-644F-40E6-9EFA-7B607E3E957E}"
EndProject
Project("{8BC9CEB8-8B4A-11D0-8D11-00A0C91BC942}") = "strncmp", "strncmp\strncmp.vcxproj", "{B09556B6-D135-4D58-9A33-DD32379DBE64}"
EndProject
Project("{8BC9CEB8-8B4A-11D0-8D11-00A0C91BC942}") = "vector", "vector\vector.vcxproj", "{4AE85D02-BEE6-4FEE-8129-451D0C8AED85}"
EndProject
Project("{8BC9CEB8-8B4A-11D0-8D11-00A0C91BC942}") = "PEBHook", "PEBHook\PEBHook.vcxproj", "{F0B18EA1-7D62-49A7-876F-446A72565F6D}"
EndProject
Global
	GlobalSection(SolutionConfigurationPlatforms) = preSolution
		Debug|x64 = Debug|x64
		Debug|x86 = Debug|x86
		Release|x64 = Release|x64
		Release|x86 = Release|x86
	EndGlobalSection
	GlobalSection(ProjectConfigurationPlatforms) = postSolution
		{16AC1A54-C22F-4A71-8B41-3BC365765883}.Debug|x64.ActiveCfg = Debug|x64
		{16AC1A54-C22F-4A71-8B41-3BC365765883}.Debug|x64.Build.0 = Debug|x64
		{16AC1A54-C22F-4A71-8B41-3BC365765883}.Debug|x86.ActiveCfg = Debug|Win32
		{16AC1A54-C22F-4A71-8B41-3BC365765883}.Debug|x86.Build.0 = Debug|Win32
		{16AC1A54-C22F-4A71-8B41-3BC365765883}.Release|x64.ActiveCfg = Release|x64
		{16AC1A54-C22F-4A71-8B41-3BC365765883}.Release|x64.Build.0 = Release|x64
		{16AC1A54-C22F-4A71-8B41-3BC365765883}.Release|x86.ActiveCfg = Release|Win32
		{16AC1A54-C22F-4A71-8B41-3BC365765883}.Release|x86.Build.0 = Release|Win32
		{D0F354E3-644F-40E6-9EFA-7B607E3E957E}.Debug|x64.ActiveCfg = Debug|x64
		{D0F354E3-644F-40E6-9EFA-7B607E3E957E}.Debug|x64.Build.0 = Debug|x64
		{D0F354E3-644F-40E6-9EFA-7B607E3E957E}.Debug|x86.ActiveCfg = Debug|Win32
		{D0F354E3-644F-40E6-9EFA-7B607E3E957E}.Debug|x86.Build.0 = Debug|Win32
		{D0F354E3-644F-40E6-9EFA-7B607E3E957E}.Release|x64.ActiveCfg = Release|x64
		{D0F354E3-644F-40E6-9EFA-7B607E3E957E}.Release|x64.Build.0 = Release|x64
		{D0F354E3-644F-40E6-9EFA-7B607E3E957E}.Release|x86.ActiveCfg = Release|Win32
		{D0F354E3-644F-40E6-9EFA-7B607E3E957E}.Release|x86.Build.0 = Release|Win32
		{B09556B6-D135-4D58-9A33-DD32379DBE64}.Debug|x64.ActiveCfg = Debug|x64
		{B09556B6-D135-4D58-9A33-DD32379DBE64}.Debug|x64.Build.0 = Debug|x64
		{B09556B6-D135-4D58-9A33-DD32379DBE64}.Debug|x86.ActiveCfg = Debug|Win32
		{B09556B6-D135-4D58-9A33-DD32379DBE64}.Debug|x86.Build.0 = Debug|Win32
		{B09556B6-D135-4D58-9A33-DD32379DBE64}.Release|x64.ActiveCfg = Release|x64
		{B09556B6-D135-4D58-9A33-DD32379DBE64}.Release|x64.Build.0 = Release|x64
		{B09556B6-D135-4D58-9A33-DD32379DBE64}.Release|x86.ActiveCfg = Release|Win32
		{B09556B6-D135-4D58-9A33-DD32379DBE64}.Release|x86.Build.0 = Release|Win32
		{4AE85D02-BEE6-4FEE-8129-451D0C8AED85}.Debug|x64.ActiveCfg = Debug|x64
		{4AE85D02-BEE6-4FEE-8129-451D0C8AED85}.Debug|x64.Build.0 = Debug|x64
		{4AE85D02-BEE6-4FEE-8129-451D0C8AED85}.Debug|x86.ActiveCfg = Debug|Win32
		{4AE85D02-BEE6-4FEE-8129-451D0C8AED85}.Debug|x86.Build.0 = Debug|Win32
		{4AE85D02-BEE6-4FEE-8129-451D0C8AED85}.Release|x64.ActiveCfg = Release|x64
		{4AE85D02-BEE6-4FEE-8129-451D0C8AED85}.Release|x64.Build.0 = Release|x64
		{4AE85D02-BEE6-4FEE-8129-451D0C8AED85}.Release|x86.ActiveCfg = Release|Win32
		{4AE85D02-BEE6-4FEE-8129-451D0C8AED85}.Release|x86.Build.0 = Release|Win32
		{F0B18EA1-7D62-49A7-876F-446A72565F6D}.Debug|x64.ActiveCfg = Debug|x64
		{F0B18EA1-7D62-49A7-876F-446A72565F6D}.Debug|x64.Build.0 = Debug|x64
		{F0B18EA1-7D62-49A7-876F-446A72565F6D}.Debug|x86.ActiveCfg = Debug|Win32
		{F0B18EA1-7D62-49A7-876F-446A72565F6D}.Debug|x86.Build.0 = Debug|Win32
		{F0B18EA1-7D62-49A7-876F-446A72565F6D}.Release|x64.ActiveCfg = Release|x64
		{F0B18EA1-7D62-49A7-876F-446A72565F6D}.Release|x64.Build.0 = Release|x64
		{F0B18EA1-7D62-49A7-876F-446A72565F6D}.Release|x86.ActiveCfg = Release|Win32
		{F0B18EA1-7D62-49A7-876F-446A72565F6D}.Release|x86.Build.0 = Release|Win32
	EndGlobalSection
	GlobalSection(SolutionProperties) = preSolution
		HideSolutionNode = FALSE
	EndGlobalSection
	GlobalSection(ExtensibilityGlobals) = postSolution
		SolutionGuid = {36354F99-43F2-4842-90C5-C28146D99FC2}
	EndGlobalSection
EndGlobal
